
Microsoft Visual Studio Solution File, Format Version 12.00
# Visual Studio Version 17
VisualStudioVersion = 17.7.34202.233
MinimumVisualStudioVersion = 10.0.40219.1
Project("{9A19103F-16F7-4668-BE54-9A1E7A4F7556}") = "Day5", "Day5.csproj", "{D5FEFFE8-7C01-476F-99C7-0DAE1A7E63CD}"
EndProject
Project("{FAE04EC0-301F-11D3-BF4B-00C04F79EFBC}") = "Day5Tests", "..\Day5Tests\Day5Tests.csproj", "{015F4857-D8AA-455F-9B0E-8CB9503F754E}"
EndProject
Global
	GlobalSection(SolutionConfigurationPlatforms) = preSolution
		Debug|Any CPU = Debug|Any CPU
		Release|Any CPU = Release|Any CPU
	EndGlobalSection
	GlobalSection(ProjectConfigurationPlatforms) = postSolution
		{D5FEFFE8-7C01-476F-99C7-0DAE1A7E63CD}.Debug|Any CPU.ActiveCfg = Debug|Any CPU
		{D5FEFFE8-7C01-476F-99C7-0DAE1A7E63CD}.Debug|Any CPU.Build.0 = Debug|Any CPU
		{D5FEFFE8-7C01-476F-99C7-0DAE1A7E63CD}.Release|Any CPU.ActiveCfg = Release|Any CPU
		{D5FEFFE8-7C01-476F-99C7-0DAE1A7E63CD}.Release|Any CPU.Build.0 = Release|Any CPU
		{015F4857-D8AA-455F-9B0E-8CB9503F754E}.Debug|Any CPU.ActiveCfg = Debug|Any CPU
		{015F4857-D8AA-455F-9B0E-8CB9503F754E}.Debug|Any CPU.Build.0 = Debug|Any CPU
		{015F4857-D8AA-455F-9B0E-8CB9503F754E}.Release|Any CPU.ActiveCfg = Release|Any CPU
		{015F4857-D8AA-455F-9B0E-8CB9503F754E}.Release|Any CPU.Build.0 = Release|Any CPU
	EndGlobalSection
	GlobalSection(SolutionProperties) = preSolution
		HideSolutionNode = FALSE
	EndGlobalSection
	GlobalSection(ExtensibilityGlobals) = postSolution
		SolutionGuid = {FAFC49BE-C29E-4863-8C89-6E3B031D2976}
	EndGlobalSection
EndGlobal
